github.com/BurntSushi/toml v0.3.1 h1:WXkYYl6Yr3qBf1K79EBnL4mak0OimBfB0XUf9Vl28OQ=
github.com/BurntSushi/toml v0.3.1/go.mod h1:xHWCNGjB5oqiDr8zfno3MHue2Ht5sIBksp03qcyfWMU=
github.com/davecgh/go-spew v1.1.0 h1:ZDRjVQ15GmhC3fiQ8ni8+OwkZQO4DARzQgrnXU1Liz8=
github.com/davecgh/go-spew v1.1.0/go.mod h1:J7Y8YcW2NihsgmVo/mv3lAwl/skON4iLHjSsI+c5H38=
github.com/jinzhu/configor v1.1.1 h1:gntDP+ffGhs7aJ0u8JvjCDts2OsxsI7bnz3q+jC+hSY=
github.com/jinzhu/configor v1.1.1/go.mod h1:nX89/MOmDba7ZX7GCyU/VIaQ2Ar2aizBl2d3JLF/rDc=
github.com/kovetskiy/godocs v0.0.0-20160817104724-2d9428f80f34 h1:bUWVdQQT5QLGFudBaGJE9v3Zf0EdDiDd5h8vAj9sMVg=
github.com/kovetskiy/godocs v0.0.0-20160817104724-2d9428f80f34/go.mod h1:u+dvDLWaaxNkHMvhUK1IBXTNS3fhDvdy3BqQrZM8w/k=
github.com/kovetskiy/lorg v0.0.0-20190701130800-9c6042b7edb0 h1:qyB36y4QwsBSYabKGABEYLYpK0k/VP/+SbeZQxwbF1c=
github.com/kovetskiy/lorg v0.0.0-20190701130800-9c6042b7edb0/go.mod h1:B8HeKAukXULNzWWsW5k/SQyDkiQZPn7lTBJDB46MZ9I=
github.com/kovetskiy/spinner-go v0.0.0-20190814120732-cf21f43a9fe5 h1:CtL8OxfKfJlN1aAEyqWxGdRew2xy5ARgzhiwHEEUiks=
github.com/kovetskiy/spinner-go v0.0.0-20190814120732-cf21f43a9fe5/go.mod h1:/t7OToingbLN+h4HTdD8QtFN1k9/rJEfdkX46wc55R4=
github.com/mattn/go-runewidth v0.0.6 h1:V2iyH+aX9C5fsYCpK60U8BYIvmhqxuOL3JZcqc1NB7k=
github.com/mattn/go-runewidth v0.0.6/go.mod h1:H031xJmbD/WCDINGzjvQ9THkh0rPKHF+m2gUSrubnMI=
github.com/nsf/termbox-go v0.0.0-20190817171036-93860e161317 h1:hhGN4SFXgXo61Q4Sjj/X9sBjyeSa2kdpaOzCO+8EVQw=
github.com/nsf/termbox-go v0.0.0-20190817171036-93860e161317/go.mod h1:IuKpRQcYE1Tfu+oAQqaLisqDeXgjyyltCfsaoYN18NQ=
github.com/olekukonko/tablewriter v0.0.3 h1:i0LBnzgiChAWHJYTQAZJDOgf8MNxAVYZJ2m63SIDimI=
github.com/olekukonko/tablewriter v0.0.3/go.mod h1:YZeBtGzYYEsCHp2LST/u/0NDwGkRoBtmn1cIWCJiS6M=
github.com/pmezard/go-difflib v1.0.0 h1:4DBwDE0NGyQoBHbLQYPwSUPoCMWR5BEzIk/f1lZbAQM=
github.com/pmezard/go-difflib v1.0.0/go.mod h1:iKH77koFhYxTK1pcRnkKkqfTogsbg7gZNVY4sRDYZ/4=
github.com/reconquest/karma-go v0.0.0-20190930125156-7b5c19ad6eab h1:NPOguOXVFBXRaBt4uPQLhvLkNwQgT0M+PZwxBGxgrrQ=
github.com/reconquest/karma-go v0.0.0-20190930125156-7b5c19ad6eab/go.mod h1:oTXKs9J7KQ1gCpnvSwCbH9vlvELZFfUSbEbrr2ABeo0=
github.com/simplereach/timeutils v1.2.0 h1:btgOAlu9RW6de2r2qQiONhjgxdAG7BL6je0G6J/yPnA=
github.com/simplereach/timeutils v1.2.0/go.mod h1:VVbQDfN/FHRZa1LSqcwo4kNZ62OOyqLLGQKYB3pB0Q8=
github.com/stretchr/objx v0.1.0/go.mod h1:HFkY916IF+rwdDfMAkV7OtwuqBVzrE8GR6GFx+wExME=
github.com/stretchr/testify v1.4.0 h1:2E4SXV/wtOkTonXsotYi4li6zVWxYlZuYNCXe9XRJyk=
github.com/stretchr/testify v1.4.0/go.mod h1:j7eGeouHqKxXV5pUuKE4zz7dFj8WfuZ+81PSLYec5m4=
github.com/zazab/zhash v0.0.0-20170403032415-ad45b89afe7a h1:8gf6DUwu6F8Fh3rN8Ei9TM66KkWrNC04FP3HlcbxPuQ=
github.com/zazab/zhash v0.0.0-20170403032415-ad45b89afe7a/go.mod h1:P+yVThXQrjx7yGmgsdI4WQ/XDDmcyBMZzK1b39TXteA=
gopkg.in/check.v1 v0.0.0-20161208181325-20d25e280405/go.mod h1:Co6ibVJAznAaIkqp8huTwlJQCZ016jof/cbN4VW5Yz0=
gopkg.in/mgo.v2 v2.0.0-20190816093944-a6b53ec6cb22 h1:VpOs+IwYnYBaFnrNAeB8UUWtL3vEUnzSCL1nVjPhqrw=
gopkg.in/mgo.v2 v2.0.0-20190816093944-a6b53ec6cb22/go.mod h1:yeKp02qBN3iKW1OzL3MGk2IdtZzaj7SFntXj72NppTA=
gopkg.in/yaml.v2 v2.2.2 h1:ZCJp+EgiOT7lHqUV2J862kp8Qj64Jo6az82+3Td9dZw=
gopkg.in/yaml.v2 v2.2.2/go.mod h1:hI93XBmqTisBFMUTm0b8Fm+jr3Dg1NNxqwp+5A1VGuI=
